// !$*UTF8*$!
{
	archiveVersion = 1;
	classes = {
	};
	objectVersion = 55;
	objects = {

/* Begin PBXBuildFile section */
		1806F9D7284A51200000D46B /* LocationsDataService.swift in Sources */ = {isa = PBXBuildFile; fileRef = 1806F9D6284A51200000D46B /* LocationsDataService.swift */; };
		1806F9D9284A55A30000D46B /* LocationsView.swift in Sources */ = {isa = PBXBuildFile; fileRef = 1806F9D8284A55A30000D46B /* LocationsView.swift */; };
		1806F9DB284A589A0000D46B /* LocationViewModel.swift in Sources */ = {isa = PBXBuildFile; fileRef = 1806F9DA284A589A0000D46B /* LocationViewModel.swift */; };
		1806F9DD284A64930000D46B /* LocationListView.swift in Sources */ = {isa = PBXBuildFile; fileRef = 1806F9DC284A64930000D46B /* LocationListView.swift */; };
		1806F9DF284B7AFD0000D46B /* LocationPreview.swift in Sources */ = {isa = PBXBuildFile; fileRef = 1806F9DE284B7AFD0000D46B /* LocationPreview.swift */; };
		1806F9E1284DFB020000D46B /* LocationMapAnnotationView.swift in Sources */ = {isa = PBXBuildFile; fileRef = 1806F9E0284DFB020000D46B /* LocationMapAnnotationView.swift */; };
		1806F9E3284DFF800000D46B /* LocationDetailView.swift in Sources */ = {isa = PBXBuildFile; fileRef = 1806F9E2284DFF800000D46B /* LocationDetailView.swift */; };
		18B3402A2848FEEE0032FDC6 /* SwiftUiMapApp.swift in Sources */ = {isa = PBXBuildFile; fileRef = 18B340292848FEEE0032FDC6 /* SwiftUiMapApp.swift */; };
		18B3402C2848FEEE0032FDC6 /* ContentView.swift in Sources */ = {isa = PBXBuildFile; fileRef = 18B3402B2848FEEE0032FDC6 /* ContentView.swift */; };
		18B340312848FEF00032FDC6 /* Preview Assets.xcassets in Resources */ = {isa = PBXBuildFile; fileRef = 18B340302848FEF00032FDC6 /* Preview Assets.xcassets */; };
		18B34038284900500032FDC6 /* Assets.xcassets in Resources */ = {isa = PBXBuildFile; fileRef = 18B34037284900500032FDC6 /* Assets.xcassets */; };
		18B3403D284A26950032FDC6 /* Location.swift in Sources */ = {isa = PBXBuildFile; fileRef = 18B3403C284A26950032FDC6 /* Location.swift */; };
/* End PBXBuildFile section */

/* Begin PBXFileReference section */
		1806F9D6284A51200000D46B /* LocationsDataService.swift */ = {isa = PBXFileReference; fileEncoding = 4; lastKnownFileType = sourcecode.swift; path = LocationsDataService.swift; sourceTree = "<group>"; };
		1806F9D8284A55A30000D46B /* LocationsView.swift */ = {isa = PBXFileReference; lastKnownFileType = sourcecode.swift; path = LocationsView.swift; sourceTree = "<group>"; };
		1806F9DA284A589A0000D46B /* LocationViewModel.swift */ = {isa = PBXFileReference; lastKnownFileType = sourcecode.swift; path = LocationViewModel.swift; sourceTree = "<group>"; };
		1806F9DC284A64930000D46B /* LocationListView.swift */ = {isa = PBXFileReference; lastKnownFileType = sourcecode.swift; path = LocationListView.swift; sourceTree = "<group>"; };
		1806F9DE284B7AFD0000D46B /* LocationPreview.swift */ = {isa = PBXFileReference; lastKnownFileType = sourcecode.swift; path = LocationPreview.swift; sourceTree = "<group>"; };
		1806F9E0284DFB020000D46B /* LocationMapAnnotationView.swift */ = {isa = PBXFileReference; lastKnownFileType = sourcecode.swift; path = LocationMapAnnotationView.swift; sourceTree = "<group>"; };
		1806F9E2284DFF800000D46B /* LocationDetailView.swift */ = {isa = PBXFileReference; lastKnownFileType = sourcecode.swift; path = LocationDetailView.swift; sourceTree = "<group>"; };
		1806F9E4284E1D9C0000D46B /* Info.plist */ = {isa = PBXFileReference; lastKnownFileType = text.plist; path = Info.plist; sourceTree = "<group>"; };
		18B340262848FEEE0032FDC6 /* SwiftUiMap.app */ = {isa = PBXFileReference; explicitFileType = wrapper.application; includeInIndex = 0; path = SwiftUiMap.app; sourceTree = BUILT_PRODUCTS_DIR; };
		18B340292848FEEE0032FDC6 /* SwiftUiMapApp.swift */ = {isa = PBXFileReference; lastKnownFileType = sourcecode.swift; path = SwiftUiMapApp.swift; sourceTree = "<group>"; };
		18B3402B2848FEEE0032FDC6 /* ContentView.swift */ = {isa = PBXFileReference; lastKnownFileType = sourcecode.swift; path = ContentView.swift; sourceTree = "<group>"; };
		18B340302848FEF00032FDC6 /* Preview Assets.xcassets */ = {isa = PBXFileReference; lastKnownFileType = folder.assetcatalog; path = "Preview Assets.xcassets"; sourceTree = "<group>"; };
		18B34037284900500032FDC6 /* Assets.xcassets */ = {isa = PBXFileReference; lastKnownFileType = folder.assetcatalog; path = Assets.xcassets; sourceTree = "<group>"; };
		18B3403C284A26950032FDC6 /* Location.swift */ = {isa = PBXFileReference; lastKnownFileType = sourcecode.swift; path = Location.swift; sourceTree = "<group>"; };
/* End PBXFileReference section */

/* Begin PBXFrameworksBuildPhase section */
		18B340232848FEEE0032FDC6 /* Frameworks */ = {
			isa = PBXFrameworksBuildPhase;
			buildActionMask = 2147483647;
			files = (
			);
			runOnlyForDeploymentPostprocessing = 0;
		};
/* End PBXFrameworksBuildPhase section */

/* Begin PBXGroup section */
		1806F9D5284A50C80000D46B /* DataServices */ = {
			isa = PBXGroup;
			children = (
				1806F9D6284A51200000D46B /* LocationsDataService.swift */,
			);
			path = DataServices;
			sourceTree = "<group>";
		};
		18B3401D2848FEEE0032FDC6 = {
			isa = PBXGroup;
			children = (
				18B340282848FEEE0032FDC6 /* SwiftUiMap */,
				18B340272848FEEE0032FDC6 /* Products */,
			);
			sourceTree = "<group>";
		};
		18B340272848FEEE0032FDC6 /* Products */ = {
			isa = PBXGroup;
			children = (
				18B340262848FEEE0032FDC6 /* SwiftUiMap.app */,
			);
			name = Products;
			sourceTree = "<group>";
		};
		18B340282848FEEE0032FDC6 /* SwiftUiMap */ = {
			isa = PBXGroup;
			children = (
				1806F9E4284E1D9C0000D46B /* Info.plist */,
				1806F9D5284A50C80000D46B /* DataServices */,
				18B3403A284A26580032FDC6 /* Views */,
				18B3403B284A26630032FDC6 /* ViewModels */,
				18B34039284A26350032FDC6 /* Models */,
				18B340292848FEEE0032FDC6 /* SwiftUiMapApp.swift */,
				18B3402B2848FEEE0032FDC6 /* ContentView.swift */,
				18B34037284900500032FDC6 /* Assets.xcassets */,
				18B3402F2848FEF00032FDC6 /* Preview Content */,
			);
			path = SwiftUiMap;
			sourceTree = "<group>";
		};
		18B3402F2848FEF00032FDC6 /* Preview Content */ = {
			isa = PBXGroup;
			children = (
				18B340302848FEF00032FDC6 /* Preview Assets.xcassets */,
			);
			path = "Preview Content";
			sourceTree = "<group>";
		};
		18B34039284A26350032FDC6 /* Models */ = {
			isa = PBXGroup;
			children = (
				18B3403C284A26950032FDC6 /* Location.swift */,
			);
			path = Models;
			sourceTree = "<group>";
		};
		18B3403A284A26580032FDC6 /* Views */ = {
			isa = PBXGroup;
			children = (
				1806F9D8284A55A30000D46B /* LocationsView.swift */,
				1806F9DC284A64930000D46B /* LocationListView.swift */,
				1806F9DE284B7AFD0000D46B /* LocationPreview.swift */,
				1806F9E0284DFB020000D46B /* LocationMapAnnotationView.swift */,
				1806F9E2284DFF800000D46B /* LocationDetailView.swift */,
			);
			path = Views;
			sourceTree = "<group>";
		};
		18B3403B284A26630032FDC6 /* ViewModels */ = {
			isa = PBXGroup;
			children = (
				1806F9DA284A589A0000D46B /* LocationViewModel.swift */,
			);
			path = ViewModels;
			sourceTree = "<group>";
		};
/* End PBXGroup section */

/* Begin PBXNativeTarget section */
		18B340252848FEEE0032FDC6 /* SwiftUiMap */ = {
			isa = PBXNativeTarget;
			buildConfigurationList = 18B340342848FEF00032FDC6 /* Build configuration list for PBXNativeTarget "SwiftUiMap" */;
			buildPhases = (
				18B340222848FEEE0032FDC6 /* Sources */,
				18B340232848FEEE0032FDC6 /* Frameworks */,
				18B340242848FEEE0032FDC6 /* Resources */,
			);
			buildRules = (
			);
			dependencies = (
			);
			name = SwiftUiMap;
			productName = SwiftUiMap;
			productReference = 18B340262848FEEE0032FDC6 /* SwiftUiMap.app */;
			productType = "com.apple.product-type.application";
		};
/* End PBXNativeTarget section */

/* Begin PBXProject section */
		18B3401E2848FEEE0032FDC6 /* Project object */ = {
			isa = PBXProject;
			attributes = {
				BuildIndependentTargetsInParallel = 1;
				LastSwiftUpdateCheck = 1340;
				LastUpgradeCheck = 1340;
				TargetAttributes = {
					18B340252848FEEE0032FDC6 = {
						CreatedOnToolsVersion = 13.4;
					};
				};
			};
			buildConfigurationList = 18B340212848FEEE0032FDC6 /* Build configuration list for PBXProject "SwiftUiMap" */;
			compatibilityVersion = "Xcode 13.0";
			developmentRegion = en;
			hasScannedForEncodings = 0;
			knownRegions = (
				en,
				Base,
			);
			mainGroup = 18B3401D2848FEEE0032FDC6;
			productRefGroup = 18B340272848FEEE0032FDC6 /* Products */;
			projectDirPath = "";
			projectRoot = "";
			targets = (
				18B340252848FEEE0032FDC6 /* SwiftUiMap */,
			);
		};
/* End PBXProject section */

/* Begin PBXResourcesBuildPhase section */
		18B340242848FEEE0032FDC6 /* Resources */ = {
			isa = PBXResourcesBuildPhase;
			buildActionMask = 2147483647;
			files = (
				18B34038284900500032FDC6 /* Assets.xcassets in Resources */,
				18B340312848FEF00032FDC6 /* Preview Assets.xcassets in Resources */,
			);
			runOnlyForDeploymentPostprocessing = 0;
		};
/* End PBXResourcesBuildPhase section */

/* Begin PBXSourcesBuildPhase section */
		18B340222848FEEE0032FDC6 /* Sources */ = {
			isa = PBXSourcesBuildPhase;
			buildActionMask = 2147483647;
			files = (
				1806F9D7284A51200000D46B /* LocationsDataService.swift in Sources */,
				1806F9E1284DFB020000D46B /* LocationMapAnnotationView.swift in Sources */,
				1806F9DB284A589A0000D46B /* LocationViewModel.swift in Sources */,
				18B3402C2848FEEE0032FDC6 /* ContentView.swift in Sources */,
				1806F9DF284B7AFD0000D46B /* LocationPreview.swift in Sources */,
				1806F9D9284A55A30000D46B /* LocationsView.swift in Sources */,
				1806F9DD284A64930000D46B /* LocationListView.swift in Sources */,
				18B3403D284A26950032FDC6 /* Location.swift in Sources */,
				1806F9E3284DFF800000D46B /* LocationDetailView.swift in Sources */,
				18B3402A2848FEEE0032FDC6 /* SwiftUiMapApp.swift in Sources */,
			);
			runOnlyForDeploymentPostprocessing = 0;
		};
/* End PBXSourcesBuildPhase section */

/* Begin XCBuildConfiguration section */
		18B340322848FEF00032FDC6 /* Debug */ = {
			isa = XCBuildConfiguration;
			buildSettings = {
				ALWAYS_SEARCH_USER_PATHS = NO;
				CLANG_ANALYZER_NONNULL = YES;
				CLANG_ANALYZER_NUMBER_OBJECT_CONVERSION = YES_AGGRESSIVE;
				CLANG_CXX_LANGUAGE_STANDARD = "gnu++17";
				CLANG_ENABLE_MODULES = YES;
				CLANG_ENABLE_OBJC_ARC = YES;
				CLANG_ENABLE_OBJC_WEAK = YES;
				CLANG_WARN_BLOCK_CAPTURE_AUTORELEASING = YES;
				CLANG_WARN_BOOL_CONVERSION = YES;
				CLANG_WARN_COMMA = YES;
				CLANG_WARN_CONSTANT_CONVERSION = YES;
				CLANG_WARN_DEPRECATED_OBJC_IMPLEMENTATIONS = YES;
				CLANG_WARN_DIRECT_OBJC_ISA_USAGE = YES_ERROR;
				CLANG_WARN_DOCUMENTATION_COMMENTS = YES;
				CLANG_WARN_EMPTY_BODY = YES;
				CLANG_WARN_ENUM_CONVERSION = YES;
				CLANG_WARN_INFINITE_RECURSION = YES;
				CLANG_WARN_INT_CONVERSION = YES;
				CLANG_WARN_NON_LITERAL_NULL_CONVERSION = YES;
				CLANG_WARN_OBJC_IMPLICIT_RETAIN_SELF = YES;
				CLANG_WARN_OBJC_LITERAL_CONVERSION = YES;
				CLANG_WARN_OBJC_ROOT_CLASS = YES_ERROR;
				CLANG_WARN_QUOTED_INCLUDE_IN_FRAMEWORK_HEADER = YES;
				CLANG_WARN_RANGE_LOOP_ANALYSIS = YES;
				CLANG_WARN_STRICT_PROTOTYPES = YES;
				CLANG_WARN_SUSPICIOUS_MOVE = YES;
				CLANG_WARN_UNGUARDED_AVAILABILITY = YES_AGGRESSIVE;
				CLANG_WARN_UNREACHABLE_CODE = YES;
				CLANG_WARN__DUPLICATE_METHOD_MATCH = YES;
				COPY_PHASE_STRIP = NO;
				DEBUG_INFORMATION_FORMAT = dwarf;
				ENABLE_STRICT_OBJC_MSGSEND = YES;
				ENABLE_TESTABILITY = YES;
				GCC_C_LANGUAGE_STANDARD = gnu11;
				GCC_DYNAMIC_NO_PIC = NO;
				GCC_NO_COMMON_BLOCKS = YES;
				GCC_OPTIMIZATION_LEVEL = 0;
				GCC_PREPROCESSOR_DEFINITIONS = (
					"DEBUG=1",
					"$(inherited)",
				);
				GCC_WARN_64_TO_32_BIT_CONVERSION = YES;
				GCC_WARN_ABOUT_RETURN_TYPE = YES_ERROR;
				GCC_WARN_UNDECLARED_SELECTOR = YES;
				GCC_WARN_UNINITIALIZED_AUTOS = YES_AGGRESSIVE;
				GCC_WARN_UNUSED_FUNCTION = YES;
				GCC_WARN_UNUSED_VARIABLE = YES;
				IPHONEOS_DEPLOYMENT_TARGET = 15.5;
				MTL_ENABLE_DEBUG_INFO = INCLUDE_SOURCE;
				MTL_FAST_MATH = YES;
				ONLY_ACTIVE_ARCH = YES;
				SDKROOT = iphoneos;
				SWIFT_ACTIVE_COMPILATION_CONDITIONS = DEBUG;
				SWIFT_OPTIMIZATION_LEVEL = "-Onone";
			};
			name = Debug;
		};
		18B340332848FEF00032FDC6 /* Release */ = {
			isa = XCBuildConfiguration;
			buildSettings = {
				ALWAYS_SEARCH_USER_PATHS = NO;
				CLANG_ANALYZER_NONNULL = YES;
				CLANG_ANALYZER_NUMBER_OBJECT_CONVERSION = YES_AGGRESSIVE;
				CLANG_CXX_LANGUAGE_STANDARD = "gnu++17";
				CLANG_ENABLE_MODULES = YES;
				CLANG_ENABLE_OBJC_ARC = YES;
				CLANG_ENABLE_OBJC_WEAK = YES;
				CLANG_WARN_BLOCK_CAPTURE_AUTORELEASING = YES;
				CLANG_WARN_BOOL_CONVERSION = YES;
				CLANG_WARN_COMMA = YES;
				CLANG_WARN_CONSTANT_CONVERSION = YES;
				CLANG_WARN_DEPRECATED_OBJC_IMPLEMENTATIONS = YES;
				CLANG_WARN_DIRECT_OBJC_ISA_USAGE = YES_ERROR;
				CLANG_WARN_DOCUMENTATION_COMMENTS = YES;
				CLANG_WARN_EMPTY_BODY = YES;
				CLANG_WARN_ENUM_CONVERSION = YES;
				CLANG_WARN_INFINITE_RECURSION = YES;
				CLANG_WARN_INT_CONVERSION = YES;
				CLANG_WARN_NON_LITERAL_NULL_CONVERSION = YES;
				CLANG_WARN_OBJC_IMPLICIT_RETAIN_SELF = YES;
				CLANG_WARN_OBJC_LITERAL_CONVERSION = YES;
				CLANG_WARN_OBJC_ROOT_CLASS = YES_ERROR;
				CLANG_WARN_QUOTED_INCLUDE_IN_FRAMEWORK_HEADER = YES;
				CLANG_WARN_RANGE_LOOP_ANALYSIS = YES;
				CLANG_WARN_STRICT_PROTOTYPES = YES;
				CLANG_WARN_SUSPICIOUS_MOVE = YES;
				CLANG_WARN_UNGUARDED_AVAILABILITY = YES_AGGRESSIVE;
				CLANG_WARN_UNREACHABLE_CODE = YES;
				CLANG_WARN__DUPLICATE_METHOD_MATCH = YES;
				COPY_PHASE_STRIP = NO;
				DEBUG_INFORMATION_FORMAT = "dwarf-with-dsym";
				ENABLE_NS_ASSERTIONS = NO;
				ENABLE_STRICT_OBJC_MSGSEND = YES;
				GCC_C_LANGUAGE_STANDARD = gnu11;
				GCC_NO_COMMON_BLOCKS = YES;
				GCC_WARN_64_TO_32_BIT_CONVERSION = YES;
				GCC_WARN_ABOUT_RETURN_TYPE = YES_ERROR;
				GCC_WARN_UNDECLARED_SELECTOR = YES;
				GCC_WARN_UNINITIALIZED_AUTOS = YES_AGGRESSIVE;
				GCC_WARN_UNUSED_FUNCTION = YES;
				GCC_WARN_UNUSED_VARIABLE = YES;
				IPHONEOS_DEPLOYMENT_TARGET = 15.5;
				MTL_ENABLE_DEBUG_INFO = NO;
				MTL_FAST_MATH = YES;
				SDKROOT = iphoneos;
				SWIFT_COMPILATION_MODE = wholemodule;
				SWIFT_OPTIMIZATION_LEVEL = "-O";
				VALIDATE_PRODUCT = YES;
			};
			name = Release;
		};
		18B340352848FEF00032FDC6 /* Debug */ = {
			isa = XCBuildConfiguration;
			buildSettings = {
				ASSETCATALOG_COMPILER_APPICON_NAME = AppIcon;
				ASSETCATALOG_COMPILER_GLOBAL_ACCENT_COLOR_NAME = AccentColor;
				CODE_SIGN_STYLE = Automatic;
				CURRENT_PROJECT_VERSION = 1;
				DEVELOPMENT_ASSET_PATHS = "\"SwiftUiMap/Preview Content\"";
				DEVELOPMENT_TEAM = 83BQ9D2XVX;
				ENABLE_PREVIEWS = YES;
				GENERATE_INFOPLIST_FILE = YES;
				INFOPLIST_FILE = SwiftUiMap/Info.plist;
				INFOPLIST_KEY_UIApplicationSceneManifest_Generation = YES;
				INFOPLIST_KEY_UIApplicationSupportsIndirectInputEvents = YES;
				INFOPLIST_KEY_UISupportedInterfaceOrientations = UIInterfaceOrientationPortrait;
				INFOPLIST_KEY_UISupportedInterfaceOrientations_iPad = "UIInterfaceOrientationPortrait UIInterfaceOrientationPortraitUpsideDown UIInterfaceOrientationLandscapeLeft UIInterfaceOrientationLandscapeRight";
				INFOPLIST_KEY_UISupportedInterfaceOrientations_iPhone = UIInterfaceOrientationPortrait;
				LD_RUNPATH_SEARCH_PATHS = (
					"$(inherited)",
					"@executable_path/Frameworks",
				);
				MARKETING_VERSION = 1.0;
				PRODUCT_BUNDLE_IDENTIFIER = cm.adwa.SwiftUiMap;
				PRODUCT_NAME = "$(TARGET_NAME)";
				SWIFT_EMIT_LOC_STRINGS = YES;
				SWIFT_VERSION = 5.0;
				TARGETED_DEVICE_FAMILY = "1,2";
			};
			name = Debug;
		};
		18B340362848FEF00032FDC6 /* Release */ = {
			isa = XCBuildConfiguration;
			buildSettings = {
				ASSETCATALOG_COMPILER_APPICON_NAME = AppIcon;
				ASSETCATALOG_COMPILER_GLOBAL_ACCENT_COLOR_NAME = AccentColor;
				CODE_SIGN_STYLE = Automatic;
				CURRENT_PROJECT_VERSION = 1;
				DEVELOPMENT_ASSET_PATHS = "\"SwiftUiMap/Preview Content\"";
				DEVELOPMENT_TEAM = 83BQ9D2XVX;
				ENABLE_PREVIEWS = YES;
				GENERATE_INFOPLIST_FILE = YES;
				INFOPLIST_FILE = SwiftUiMap/Info.plist;
				INFOPLIST_KEY_UIApplicationSceneManifest_Generation = YES;
				INFOPLIST_KEY_UIApplicationSupportsIndirectInputEvents = YES;
				INFOPLIST_KEY_UISupportedInterfaceOrientations = UIInterfaceOrientationPortrait;
				INFOPLIST_KEY_UISupportedInterfaceOrientations_iPad = "UIInterfaceOrientationPortrait UIInterfaceOrientationPortraitUpsideDown UIInterfaceOrientationLandscapeLeft UIInterfaceOrientationLandscapeRight";
				INFOPLIST_KEY_UISupportedInterfaceOrientations_iPhone = UIInterfaceOrientationPortrait;
				LD_RUNPATH_SEARCH_PATHS = (
					"$(inherited)",
					"@executable_path/Frameworks",
				);
				MARKETING_VERSION = 1.0;
				PRODUCT_BUNDLE_IDENTIFIER = cm.adwa.SwiftUiMap;
				PRODUCT_NAME = "$(TARGET_NAME)";
				SWIFT_EMIT_LOC_STRINGS = YES;
				SWIFT_VERSION = 5.0;
				TARGETED_DEVICE_FAMILY = "1,2";
			};
			name = Release;
		};
/* End XCBuildConfiguration section */

/* Begin XCConfigurationList section */
		18B340212848FEEE0032FDC6 /* Build configuration list for PBXProject "SwiftUiMap" */ = {
			isa = XCConfigurationList;
			buildConfigurations = (
				18B340322848FEF00032FDC6 /* Debug */,
				18B340332848FEF00032FDC6 /* Release */,
			);
			defaultConfigurationIsVisible = 0;
			defaultConfigurationName = Release;
		};
		18B340342848FEF00032FDC6 /* Build configuration list for PBXNativeTarget "SwiftUiMap" */ = {
			isa = XCConfigurationList;
			buildConfigurations = (
				18B340352848FEF00032FDC6 /* Debug */,
				18B340362848FEF00032FDC6 /* Release */,
			);
			defaultConfigurationIsVisible = 0;
			defaultConfigurationName = Release;
		};
/* End XCConfigurationList section */
	};
	rootObject = 18B3401E2848FEEE0032FDC6 /* Project object */;
}
